
Microsoft Visual Studio Solution File, Format Version 12.00
# Visual Studio Version 17
VisualStudioVersion = 17.13.35806.99 d17.13
MinimumVisualStudioVersion = 10.0.40219.1
Project("{FAE04EC0-301F-11D3-BF4B-00C04F79EFBC}") = "Fundamentos.ProgramacaoIV", "Fundamentos.ProgramacaoIV\Fundamentos.ProgramacaoIV.csproj", "{B9F58FE6-1E54-480C-A432-0596EA3CF975}"
EndProject
Global
	GlobalSection(SolutionConfigurationPlatforms) = preSolution
		Debug|Any CPU = Debug|Any CPU
		Release|Any CPU = Release|Any CPU
	EndGlobalSection
	GlobalSection(ProjectConfigurationPlatforms) = postSolution
		{B9F58FE6-1E54-480C-A432-0596EA3CF975}.Debug|Any CPU.ActiveCfg = Debug|Any CPU
		{B9F58FE6-1E54-480C-A432-0596EA3CF975}.Debug|Any CPU.Build.0 = Debug|Any CPU
		{B9F58FE6-1E54-480C-A432-0596EA3CF975}.Release|Any CPU.ActiveCfg = Release|Any CPU
		{B9F58FE6-1E54-480C-A432-0596EA3CF975}.Release|Any CPU.Build.0 = Release|Any CPU
	EndGlobalSection
	GlobalSection(SolutionProperties) = preSolution
		HideSolutionNode = FALSE
	EndGlobalSection
	GlobalSection(ExtensibilityGlobals) = postSolution
		SolutionGuid = {168FED3F-0E8B-4DB1-AE66-E75232BEE6AA}
	EndGlobalSection
EndGlobal
